// !$*UTF8*$!
{
	archiveVersion = 1;
	classes = {
	};
	objectVersion = 56;
	objects = {

/* Begin PBXBuildFile section */
		65A074B3753C4B8EB514B1E9 /* Pods_SimpsAPI.framework in Frameworks */ = {isa = PBXBuildFile; fileRef = 31538DCD511B1C4D072F93AA /* Pods_SimpsAPI.framework */; };
		E3829E272AC3F04100D22D0E /* AppDelegate.swift in Sources */ = {isa = PBXBuildFile; fileRef = E3829E262AC3F04100D22D0E /* AppDelegate.swift */; };
		E3829E292AC3F04100D22D0E /* SceneDelegate.swift in Sources */ = {isa = PBXBuildFile; fileRef = E3829E282AC3F04100D22D0E /* SceneDelegate.swift */; };
		E3829E2B2AC3F04100D22D0E /* StartViewController.swift in Sources */ = {isa = PBXBuildFile; fileRef = E3829E2A2AC3F04100D22D0E /* StartViewController.swift */; };
		E3829E2E2AC3F04100D22D0E /* Main.storyboard in Resources */ = {isa = PBXBuildFile; fileRef = E3829E2C2AC3F04100D22D0E /* Main.storyboard */; };
		E3829E302AC3F04300D22D0E /* Assets.xcassets in Resources */ = {isa = PBXBuildFile; fileRef = E3829E2F2AC3F04300D22D0E /* Assets.xcassets */; };
		E3829E332AC3F04300D22D0E /* LaunchScreen.storyboard in Resources */ = {isa = PBXBuildFile; fileRef = E3829E312AC3F04300D22D0E /* LaunchScreen.storyboard */; };
		E3829E3B2AC3F1A700D22D0E /* CharacterViewController.swift in Sources */ = {isa = PBXBuildFile; fileRef = E3829E3A2AC3F1A700D22D0E /* CharacterViewController.swift */; };
		E3829E3D2AC3F1BC00D22D0E /* Character.swift in Sources */ = {isa = PBXBuildFile; fileRef = E3829E3C2AC3F1BC00D22D0E /* Character.swift */; };
/* End PBXBuildFile section */

/* Begin PBXFileReference section */
		2850EF4A6EC831225B2F658E /* Pods-SimpsAPI.release.xcconfig */ = {isa = PBXFileReference; includeInIndex = 1; lastKnownFileType = text.xcconfig; name = "Pods-SimpsAPI.release.xcconfig"; path = "Target Support Files/Pods-SimpsAPI/Pods-SimpsAPI.release.xcconfig"; sourceTree = "<group>"; };
		31538DCD511B1C4D072F93AA /* Pods_SimpsAPI.framework */ = {isa = PBXFileReference; explicitFileType = wrapper.framework; includeInIndex = 0; path = Pods_SimpsAPI.framework; sourceTree = BUILT_PRODUCTS_DIR; };
		788B2E81B71301A277A8EB3D /* Pods-SimpsAPI.debug.xcconfig */ = {isa = PBXFileReference; includeInIndex = 1; lastKnownFileType = text.xcconfig; name = "Pods-SimpsAPI.debug.xcconfig"; path = "Target Support Files/Pods-SimpsAPI/Pods-SimpsAPI.debug.xcconfig"; sourceTree = "<group>"; };
		E3829E232AC3F04100D22D0E /* SimpsAPI.app */ = {isa = PBXFileReference; explicitFileType = wrapper.application; includeInIndex = 0; path = SimpsAPI.app; sourceTree = BUILT_PRODUCTS_DIR; };
		E3829E262AC3F04100D22D0E /* AppDelegate.swift */ = {isa = PBXFileReference; lastKnownFileType = sourcecode.swift; path = AppDelegate.swift; sourceTree = "<group>"; };
		E3829E282AC3F04100D22D0E /* SceneDelegate.swift */ = {isa = PBXFileReference; lastKnownFileType = sourcecode.swift; path = SceneDelegate.swift; sourceTree = "<group>"; };
		E3829E2A2AC3F04100D22D0E /* StartViewController.swift */ = {isa = PBXFileReference; lastKnownFileType = sourcecode.swift; path = StartViewController.swift; sourceTree = "<group>"; };
		E3829E2D2AC3F04100D22D0E /* Base */ = {isa = PBXFileReference; lastKnownFileType = file.storyboard; name = Base; path = Base.lproj/Main.storyboard; sourceTree = "<group>"; };
		E3829E2F2AC3F04300D22D0E /* Assets.xcassets */ = {isa = PBXFileReference; lastKnownFileType = folder.assetcatalog; path = Assets.xcassets; sourceTree = "<group>"; };
		E3829E322AC3F04300D22D0E /* Base */ = {isa = PBXFileReference; lastKnownFileType = file.storyboard; name = Base; path = Base.lproj/LaunchScreen.storyboard; sourceTree = "<group>"; };
		E3829E342AC3F04300D22D0E /* Info.plist */ = {isa = PBXFileReference; lastKnownFileType = text.plist.xml; path = Info.plist; sourceTree = "<group>"; };
		E3829E3A2AC3F1A700D22D0E /* CharacterViewController.swift */ = {isa = PBXFileReference; lastKnownFileType = sourcecode.swift; path = CharacterViewController.swift; sourceTree = "<group>"; };
		E3829E3C2AC3F1BC00D22D0E /* Character.swift */ = {isa = PBXFileReference; lastKnownFileType = sourcecode.swift; path = Character.swift; sourceTree = "<group>"; };
/* End PBXFileReference section */

/* Begin PBXFrameworksBuildPhase section */
		E3829E202AC3F04100D22D0E /* Frameworks */ = {
			isa = PBXFrameworksBuildPhase;
			buildActionMask = 2147483647;
			files = (
				65A074B3753C4B8EB514B1E9 /* Pods_SimpsAPI.framework in Frameworks */,
			);
			runOnlyForDeploymentPostprocessing = 0;
		};
/* End PBXFrameworksBuildPhase section */

/* Begin PBXGroup section */
		306B9AECEAF79EDA8065563B /* Frameworks */ = {
			isa = PBXGroup;
			children = (
				31538DCD511B1C4D072F93AA /* Pods_SimpsAPI.framework */,
			);
			name = Frameworks;
			sourceTree = "<group>";
		};
		6129063AAE33842A5BAF7429 /* Pods */ = {
			isa = PBXGroup;
			children = (
				788B2E81B71301A277A8EB3D /* Pods-SimpsAPI.debug.xcconfig */,
				2850EF4A6EC831225B2F658E /* Pods-SimpsAPI.release.xcconfig */,
			);
			path = Pods;
			sourceTree = "<group>";
		};
		E3829E1A2AC3F04100D22D0E = {
			isa = PBXGroup;
			children = (
				E3829E252AC3F04100D22D0E /* SimpsAPI */,
				E3829E242AC3F04100D22D0E /* Products */,
				6129063AAE33842A5BAF7429 /* Pods */,
				306B9AECEAF79EDA8065563B /* Frameworks */,
			);
			sourceTree = "<group>";
		};
		E3829E242AC3F04100D22D0E /* Products */ = {
			isa = PBXGroup;
			children = (
				E3829E232AC3F04100D22D0E /* SimpsAPI.app */,
			);
			name = Products;
			sourceTree = "<group>";
		};
		E3829E252AC3F04100D22D0E /* SimpsAPI */ = {
			isa = PBXGroup;
			children = (
				E3829E262AC3F04100D22D0E /* AppDelegate.swift */,
				E3829E282AC3F04100D22D0E /* SceneDelegate.swift */,
				E3829E3A2AC3F1A700D22D0E /* CharacterViewController.swift */,
				E3829E3C2AC3F1BC00D22D0E /* Character.swift */,
				E3829E2A2AC3F04100D22D0E /* StartViewController.swift */,
				E3829E2C2AC3F04100D22D0E /* Main.storyboard */,
				E3829E2F2AC3F04300D22D0E /* Assets.xcassets */,
				E3829E312AC3F04300D22D0E /* LaunchScreen.storyboard */,
				E3829E342AC3F04300D22D0E /* Info.plist */,
			);
			path = SimpsAPI;
			sourceTree = "<group>";
		};
/* End PBXGroup section */

/* Begin PBXNativeTarget section */
		E3829E222AC3F04100D22D0E /* SimpsAPI */ = {
			isa = PBXNativeTarget;
			buildConfigurationList = E3829E372AC3F04300D22D0E /* Build configuration list for PBXNativeTarget "SimpsAPI" */;
			buildPhases = (
				082E406F06CF38E8226B76D3 /* [CP] Check Pods Manifest.lock */,
				E3829E1F2AC3F04100D22D0E /* Sources */,
				E3829E202AC3F04100D22D0E /* Frameworks */,
				E3829E212AC3F04100D22D0E /* Resources */,
				1D8682103CBB8AF9F16D066D /* [CP] Embed Pods Frameworks */,
			);
			buildRules = (
			);
			dependencies = (
			);
			name = SimpsAPI;
			productName = SimpsAPI;
			productReference = E3829E232AC3F04100D22D0E /* SimpsAPI.app */;
			productType = "com.apple.product-type.application";
		};
/* End PBXNativeTarget section */

/* Begin PBXProject section */
		E3829E1B2AC3F04100D22D0E /* Project object */ = {
			isa = PBXProject;
			attributes = {
				BuildIndependentTargetsInParallel = 1;
				LastSwiftUpdateCheck = 1400;
				LastUpgradeCheck = 1400;
				TargetAttributes = {
					E3829E222AC3F04100D22D0E = {
						CreatedOnToolsVersion = 14.0.1;
					};
				};
			};
			buildConfigurationList = E3829E1E2AC3F04100D22D0E /* Build configuration list for PBXProject "SimpsAPI" */;
			compatibilityVersion = "Xcode 14.0";
			developmentRegion = en;
			hasScannedForEncodings = 0;
			knownRegions = (
				en,
				Base,
			);
			mainGroup = E3829E1A2AC3F04100D22D0E;
			productRefGroup = E3829E242AC3F04100D22D0E /* Products */;
			projectDirPath = "";
			projectRoot = "";
			targets = (
				E3829E222AC3F04100D22D0E /* SimpsAPI */,
			);
		};
/* End PBXProject section */

/* Begin PBXResourcesBuildPhase section */
		E3829E212AC3F04100D22D0E /* Resources */ = {
			isa = PBXResourcesBuildPhase;
			buildActionMask = 2147483647;
			files = (
				E3829E332AC3F04300D22D0E /* LaunchScreen.storyboard in Resources */,
				E3829E302AC3F04300D22D0E /* Assets.xcassets in Resources */,
				E3829E2E2AC3F04100D22D0E /* Main.storyboard in Resources */,
			);
			runOnlyForDeploymentPostprocessing = 0;
		};
/* End PBXResourcesBuildPhase section */

/* Begin PBXShellScriptBuildPhase section */
		082E406F06CF38E8226B76D3 /* [CP] Check Pods Manifest.lock */ = {
			isa = PBXShellScriptBuildPhase;
			buildActionMask = 2147483647;
			files = (
			);
			inputFileListPaths = (
			);
			inputPaths = (
				"${PODS_PODFILE_DIR_PATH}/Podfile.lock",
				"${PODS_ROOT}/Manifest.lock",
			);
			name = "[CP] Check Pods Manifest.lock";
			outputFileListPaths = (
			);
			outputPaths = (
				"$(DERIVED_FILE_DIR)/Pods-SimpsAPI-checkManifestLockResult.txt",
			);
			runOnlyForDeploymentPostprocessing = 0;
			shellPath = /bin/sh;
			shellScript = "diff \"${PODS_PODFILE_DIR_PATH}/Podfile.lock\" \"${PODS_ROOT}/Manifest.lock\" > /dev/null\nif [ $? != 0 ] ; then\n    # print error to STDERR\n    echo \"error: The sandbox is not in sync with the Podfile.lock. Run 'pod install' or update your CocoaPods installation.\" >&2\n    exit 1\nfi\n# This output is used by Xcode 'outputs' to avoid re-running this script phase.\necho \"SUCCESS\" > \"${SCRIPT_OUTPUT_FILE_0}\"\n";
			showEnvVarsInLog = 0;
		};
		1D8682103CBB8AF9F16D066D /* [CP] Embed Pods Frameworks */ = {
			isa = PBXShellScriptBuildPhase;
			buildActionMask = 2147483647;
			files = (
			);
			inputFileListPaths = (
				"${PODS_ROOT}/Target Support Files/Pods-SimpsAPI/Pods-SimpsAPI-frameworks-${CONFIGURATION}-input-files.xcfilelist",
			);
			name = "[CP] Embed Pods Frameworks";
			outputFileListPaths = (
				"${PODS_ROOT}/Target Support Files/Pods-SimpsAPI/Pods-SimpsAPI-frameworks-${CONFIGURATION}-output-files.xcfilelist",
			);
			runOnlyForDeploymentPostprocessing = 0;
			shellPath = /bin/sh;
			shellScript = "\"${PODS_ROOT}/Target Support Files/Pods-SimpsAPI/Pods-SimpsAPI-frameworks.sh\"\n";
			showEnvVarsInLog = 0;
		};
/* End PBXShellScriptBuildPhase section */

/* Begin PBXSourcesBuildPhase section */
		E3829E1F2AC3F04100D22D0E /* Sources */ = {
			isa = PBXSourcesBuildPhase;
			buildActionMask = 2147483647;
			files = (
				E3829E3B2AC3F1A700D22D0E /* CharacterViewController.swift in Sources */,
				E3829E2B2AC3F04100D22D0E /* StartViewController.swift in Sources */,
				E3829E3D2AC3F1BC00D22D0E /* Character.swift in Sources */,
				E3829E272AC3F04100D22D0E /* AppDelegate.swift in Sources */,
				E3829E292AC3F04100D22D0E /* SceneDelegate.swift in Sources */,
			);
			runOnlyForDeploymentPostprocessing = 0;
		};
/* End PBXSourcesBuildPhase section */

/* Begin PBXVariantGroup section */
		E3829E2C2AC3F04100D22D0E /* Main.storyboard */ = {
			isa = PBXVariantGroup;
			children = (
				E3829E2D2AC3F04100D22D0E /* Base */,
			);
			name = Main.storyboard;
			sourceTree = "<group>";
		};
		E3829E312AC3F04300D22D0E /* LaunchScreen.storyboard */ = {
			isa = PBXVariantGroup;
			children = (
				E3829E322AC3F04300D22D0E /* Base */,
			);
			name = LaunchScreen.storyboard;
			sourceTree = "<group>";
		};
/* End PBXVariantGroup section */

/* Begin XCBuildConfiguration section */
		E3829E352AC3F04300D22D0E /* Debug */ = {
			isa = XCBuildConfiguration;
			buildSettings = {
				ALWAYS_SEARCH_USER_PATHS = NO;
				CLANG_ANALYZER_NONNULL = YES;
				CLANG_ANALYZER_NUMBER_OBJECT_CONVERSION = YES_AGGRESSIVE;
				CLANG_CXX_LANGUAGE_STANDARD = "gnu++20";
				CLANG_ENABLE_MODULES = YES;
				CLANG_ENABLE_OBJC_ARC = YES;
				CLANG_ENABLE_OBJC_WEAK = YES;
				CLANG_WARN_BLOCK_CAPTURE_AUTORELEASING = YES;
				CLANG_WARN_BOOL_CONVERSION = YES;
				CLANG_WARN_COMMA = YES;
				CLANG_WARN_CONSTANT_CONVERSION = YES;
				CLANG_WARN_DEPRECATED_OBJC_IMPLEMENTATIONS = YES;
				CLANG_WARN_DIRECT_OBJC_ISA_USAGE = YES_ERROR;
				CLANG_WARN_DOCUMENTATION_COMMENTS = YES;
				CLANG_WARN_EMPTY_BODY = YES;
				CLANG_WARN_ENUM_CONVERSION = YES;
				CLANG_WARN_INFINITE_RECURSION = YES;
				CLANG_WARN_INT_CONVERSION = YES;
				CLANG_WARN_NON_LITERAL_NULL_CONVERSION = YES;
				CLANG_WARN_OBJC_IMPLICIT_RETAIN_SELF = YES;
				CLANG_WARN_OBJC_LITERAL_CONVERSION = YES;
				CLANG_WARN_OBJC_ROOT_CLASS = YES_ERROR;
				CLANG_WARN_QUOTED_INCLUDE_IN_FRAMEWORK_HEADER = YES;
				CLANG_WARN_RANGE_LOOP_ANALYSIS = YES;
				CLANG_WARN_STRICT_PROTOTYPES = YES;
				CLANG_WARN_SUSPICIOUS_MOVE = YES;
				CLANG_WARN_UNGUARDED_AVAILABILITY = YES_AGGRESSIVE;
				CLANG_WARN_UNREACHABLE_CODE = YES;
				CLANG_WARN__DUPLICATE_METHOD_MATCH = YES;
				COPY_PHASE_STRIP = NO;
				DEBUG_INFORMATION_FORMAT = dwarf;
				ENABLE_STRICT_OBJC_MSGSEND = YES;
				ENABLE_TESTABILITY = YES;
				GCC_C_LANGUAGE_STANDARD = gnu11;
				GCC_DYNAMIC_NO_PIC = NO;
				GCC_NO_COMMON_BLOCKS = YES;
				GCC_OPTIMIZATION_LEVEL = 0;
				GCC_PREPROCESSOR_DEFINITIONS = (
					"DEBUG=1",
					"$(inherited)",
				);
				GCC_WARN_64_TO_32_BIT_CONVERSION = YES;
				GCC_WARN_ABOUT_RETURN_TYPE = YES_ERROR;
				GCC_WARN_UNDECLARED_SELECTOR = YES;
				GCC_WARN_UNINITIALIZED_AUTOS = YES_AGGRESSIVE;
				GCC_WARN_UNUSED_FUNCTION = YES;
				GCC_WARN_UNUSED_VARIABLE = YES;
				IPHONEOS_DEPLOYMENT_TARGET = 16.0;
				MTL_ENABLE_DEBUG_INFO = INCLUDE_SOURCE;
				MTL_FAST_MATH = YES;
				ONLY_ACTIVE_ARCH = YES;
				SDKROOT = iphoneos;
				SWIFT_ACTIVE_COMPILATION_CONDITIONS = DEBUG;
				SWIFT_OPTIMIZATION_LEVEL = "-Onone";
			};
			name = Debug;
		};
		E3829E362AC3F04300D22D0E /* Release */ = {
			isa = XCBuildConfiguration;
			buildSettings = {
				ALWAYS_SEARCH_USER_PATHS = NO;
				CLANG_ANALYZER_NONNULL = YES;
				CLANG_ANALYZER_NUMBER_OBJECT_CONVERSION = YES_AGGRESSIVE;
				CLANG_CXX_LANGUAGE_STANDARD = "gnu++20";
				CLANG_ENABLE_MODULES = YES;
				CLANG_ENABLE_OBJC_ARC = YES;
				CLANG_ENABLE_OBJC_WEAK = YES;
				CLANG_WARN_BLOCK_CAPTURE_AUTORELEASING = YES;
				CLANG_WARN_BOOL_CONVERSION = YES;
				CLANG_WARN_COMMA = YES;
				CLANG_WARN_CONSTANT_CONVERSION = YES;
				CLANG_WARN_DEPRECATED_OBJC_IMPLEMENTATIONS = YES;
				CLANG_WARN_DIRECT_OBJC_ISA_USAGE = YES_ERROR;
				CLANG_WARN_DOCUMENTATION_COMMENTS = YES;
				CLANG_WARN_EMPTY_BODY = YES;
				CLANG_WARN_ENUM_CONVERSION = YES;
				CLANG_WARN_INFINITE_RECURSION = YES;
				CLANG_WARN_INT_CONVERSION = YES;
				CLANG_WARN_NON_LITERAL_NULL_CONVERSION = YES;
				CLANG_WARN_OBJC_IMPLICIT_RETAIN_SELF = YES;
				CLANG_WARN_OBJC_LITERAL_CONVERSION = YES;
				CLANG_WARN_OBJC_ROOT_CLASS = YES_ERROR;
				CLANG_WARN_QUOTED_INCLUDE_IN_FRAMEWORK_HEADER = YES;
				CLANG_WARN_RANGE_LOOP_ANALYSIS = YES;
				CLANG_WARN_STRICT_PROTOTYPES = YES;
				CLANG_WARN_SUSPICIOUS_MOVE = YES;
				CLANG_WARN_UNGUARDED_AVAILABILITY = YES_AGGRESSIVE;
				CLANG_WARN_UNREACHABLE_CODE = YES;
				CLANG_WARN__DUPLICATE_METHOD_MATCH = YES;
				COPY_PHASE_STRIP = NO;
				DEBUG_INFORMATION_FORMAT = "dwarf-with-dsym";
				ENABLE_NS_ASSERTIONS = NO;
				ENABLE_STRICT_OBJC_MSGSEND = YES;
				GCC_C_LANGUAGE_STANDARD = gnu11;
				GCC_NO_COMMON_BLOCKS = YES;
				GCC_WARN_64_TO_32_BIT_CONVERSION = YES;
				GCC_WARN_ABOUT_RETURN_TYPE = YES_ERROR;
				GCC_WARN_UNDECLARED_SELECTOR = YES;
				GCC_WARN_UNINITIALIZED_AUTOS = YES_AGGRESSIVE;
				GCC_WARN_UNUSED_FUNCTION = YES;
				GCC_WARN_UNUSED_VARIABLE = YES;
				IPHONEOS_DEPLOYMENT_TARGET = 16.0;
				MTL_ENABLE_DEBUG_INFO = NO;
				MTL_FAST_MATH = YES;
				SDKROOT = iphoneos;
				SWIFT_COMPILATION_MODE = wholemodule;
				SWIFT_OPTIMIZATION_LEVEL = "-O";
				VALIDATE_PRODUCT = YES;
			};
			name = Release;
		};
		E3829E382AC3F04300D22D0E /* Debug */ = {
			isa = XCBuildConfiguration;
			baseConfigurationReference = 788B2E81B71301A277A8EB3D /* Pods-SimpsAPI.debug.xcconfig */;
			buildSettings = {
				ASSETCATALOG_COMPILER_APPICON_NAME = AppIcon;
				ASSETCATALOG_COMPILER_GLOBAL_ACCENT_COLOR_NAME = AccentColor;
				CODE_SIGN_STYLE = Automatic;
				CURRENT_PROJECT_VERSION = 1;
				GENERATE_INFOPLIST_FILE = YES;
				INFOPLIST_FILE = SimpsAPI/Info.plist;
				INFOPLIST_KEY_UIApplicationSupportsIndirectInputEvents = YES;
				INFOPLIST_KEY_UILaunchStoryboardName = LaunchScreen;
				INFOPLIST_KEY_UIMainStoryboardFile = Main;
				INFOPLIST_KEY_UISupportedInterfaceOrientations_iPad = "UIInterfaceOrientationPortrait UIInterfaceOrientationPortraitUpsideDown UIInterfaceOrientationLandscapeLeft UIInterfaceOrientationLandscapeRight";
				INFOPLIST_KEY_UISupportedInterfaceOrientations_iPhone = "UIInterfaceOrientationPortrait UIInterfaceOrientationLandscapeLeft UIInterfaceOrientationLandscapeRight";
				LD_RUNPATH_SEARCH_PATHS = (
					"$(inherited)",
					"@executable_path/Frameworks",
				);
				MARKETING_VERSION = 1.0;
				PRODUCT_BUNDLE_IDENTIFIER = rim.SimpsAPI;
				PRODUCT_NAME = "$(TARGET_NAME)";
				SWIFT_EMIT_LOC_STRINGS = YES;
				SWIFT_VERSION = 5.0;
				TARGETED_DEVICE_FAMILY = "1,2";
			};
			name = Debug;
		};
		E3829E392AC3F04300D22D0E /* Release */ = {
			isa = XCBuildConfiguration;
			baseConfigurationReference = 2850EF4A6EC831225B2F658E /* Pods-SimpsAPI.release.xcconfig */;
			buildSettings = {
				ASSETCATALOG_COMPILER_APPICON_NAME = AppIcon;
				ASSETCATALOG_COMPILER_GLOBAL_ACCENT_COLOR_NAME = AccentColor;
				CODE_SIGN_STYLE = Automatic;
				CURRENT_PROJECT_VERSION = 1;
				GENERATE_INFOPLIST_FILE = YES;
				INFOPLIST_FILE = SimpsAPI/Info.plist;
				INFOPLIST_KEY_UIApplicationSupportsIndirectInputEvents = YES;
				INFOPLIST_KEY_UILaunchStoryboardName = LaunchScreen;
				INFOPLIST_KEY_UIMainStoryboardFile = Main;
				INFOPLIST_KEY_UISupportedInterfaceOrientations_iPad = "UIInterfaceOrientationPortrait UIInterfaceOrientationPortraitUpsideDown UIInterfaceOrientationLandscapeLeft UIInterfaceOrientationLandscapeRight";
				INFOPLIST_KEY_UISupportedInterfaceOrientations_iPhone = "UIInterfaceOrientationPortrait UIInterfaceOrientationLandscapeLeft UIInterfaceOrientationLandscapeRight";
				LD_RUNPATH_SEARCH_PATHS = (
					"$(inherited)",
					"@executable_path/Frameworks",
				);
				MARKETING_VERSION = 1.0;
				PRODUCT_BUNDLE_IDENTIFIER = rim.SimpsAPI;
				PRODUCT_NAME = "$(TARGET_NAME)";
				SWIFT_EMIT_LOC_STRINGS = YES;
				SWIFT_VERSION = 5.0;
				TARGETED_DEVICE_FAMILY = "1,2";
			};
			name = Release;
		};
/* End XCBuildConfiguration section */

/* Begin XCConfigurationList section */
		E3829E1E2AC3F04100D22D0E /* Build configuration list for PBXProject "SimpsAPI" */ = {
			isa = XCConfigurationList;
			buildConfigurations = (
				E3829E352AC3F04300D22D0E /* Debug */,
				E3829E362AC3F04300D22D0E /* Release */,
			);
			defaultConfigurationIsVisible = 0;
			defaultConfigurationName = Release;
		};
		E3829E372AC3F04300D22D0E /* Build configuration list for PBXNativeTarget "SimpsAPI" */ = {
			isa = XCConfigurationList;
			buildConfigurations = (
				E3829E382AC3F04300D22D0E /* Debug */,
				E3829E392AC3F04300D22D0E /* Release */,
			);
			defaultConfigurationIsVisible = 0;
			defaultConfigurationName = Release;
		};
/* End XCConfigurationList section */
	};
	rootObject = E3829E1B2AC3F04100D22D0E /* Project object */;
}
